
Microsoft Visual Studio Solution File, Format Version 12.00
# Visual Studio Version 17
VisualStudioVersion = 17.9.34616.47
MinimumVisualStudioVersion = 10.0.40219.1
Project("{FAE04EC0-301F-11D3-BF4B-00C04F79EFBC}") = "Register.ovning", "Register.ovning\Register.ovning.csproj", "{8E1A2C74-65D7-4640-9487-5BC54D37EFA1}"
EndProject
Global
	GlobalSection(SolutionConfigurationPlatforms) = preSolution
		Debug|Any CPU = Debug|Any CPU
		Release|Any CPU = Release|Any CPU
	EndGlobalSection
	GlobalSection(ProjectConfigurationPlatforms) = postSolution
		{8E1A2C74-65D7-4640-9487-5BC54D37EFA1}.Debug|Any CPU.ActiveCfg = Debug|Any CPU
		{8E1A2C74-65D7-4640-9487-5BC54D37EFA1}.Debug|Any CPU.Build.0 = Debug|Any CPU
		{8E1A2C74-65D7-4640-9487-5BC54D37EFA1}.Release|Any CPU.ActiveCfg = Release|Any CPU
		{8E1A2C74-65D7-4640-9487-5BC54D37EFA1}.Release|Any CPU.Build.0 = Release|Any CPU
	EndGlobalSection
	GlobalSection(SolutionProperties) = preSolution
		HideSolutionNode = FALSE
	EndGlobalSection
	GlobalSection(ExtensibilityGlobals) = postSolution
		SolutionGuid = {86B272DB-AFF6-4B44-8EC1-0D60CF1A90EF}
	EndGlobalSection
EndGlobal
